
Microsoft Visual Studio Solution File, Format Version 12.00
# Visual Studio 15
VisualStudioVersion = 15.0.28307.779
MinimumVisualStudioVersion = 10.0.40219.1
Project("{FAE04EC0-301F-11D3-BF4B-00C04F79EFBC}") = "AngLoginWebApi", "AngLoginWebApi\AngLoginWebApi.csproj", "{1E3F391E-4364-44B6-8B72-A42F33757253}"
EndProject
Global
	GlobalSection(SolutionConfigurationPlatforms) = preSolution
		Debug|Any CPU = Debug|Any CPU
		Release|Any CPU = Release|Any CPU
	EndGlobalSection
	GlobalSection(ProjectConfigurationPlatforms) = postSolution
		{1E3F391E-4364-44B6-8B72-A42F33757253}.Debug|Any CPU.ActiveCfg = Debug|Any CPU
		{1E3F391E-4364-44B6-8B72-A42F33757253}.Debug|Any CPU.Build.0 = Debug|Any CPU
		{1E3F391E-4364-44B6-8B72-A42F33757253}.Release|Any CPU.ActiveCfg = Release|Any CPU
		{1E3F391E-4364-44B6-8B72-A42F33757253}.Release|Any CPU.Build.0 = Release|Any CPU
	EndGlobalSection
	GlobalSection(SolutionProperties) = preSolution
		HideSolutionNode = FALSE
	EndGlobalSection
	GlobalSection(ExtensibilityGlobals) = postSolution
		SolutionGuid = {BB60D418-26E6-4628-869D-877C8BC9CE5F}
	EndGlobalSection
EndGlobal
