
Microsoft Visual Studio Solution File, Format Version 12.00
# Visual Studio 15
VisualStudioVersion = 15.0.28307.779
MinimumVisualStudioVersion = 10.0.40219.1
Project("{FAE04EC0-301F-11D3-BF4B-00C04F79EFBC}") = "WebApplication2", "WebApplication2\WebApplication2.csproj", "{902FC119-98A9-4474-A6DA-256431075061}"
EndProject
Global
	GlobalSection(SolutionConfigurationPlatforms) = preSolution
		Debug|Any CPU = Debug|Any CPU
		Release|Any CPU = Release|Any CPU
	EndGlobalSection
	GlobalSection(ProjectConfigurationPlatforms) = postSolution
		{902FC119-98A9-4474-A6DA-256431075061}.Debug|Any CPU.ActiveCfg = Debug|Any CPU
		{902FC119-98A9-4474-A6DA-256431075061}.Debug|Any CPU.Build.0 = Debug|Any CPU
		{902FC119-98A9-4474-A6DA-256431075061}.Release|Any CPU.ActiveCfg = Release|Any CPU
		{902FC119-98A9-4474-A6DA-256431075061}.Release|Any CPU.Build.0 = Release|Any CPU
	EndGlobalSection
	GlobalSection(SolutionProperties) = preSolution
		HideSolutionNode = FALSE
	EndGlobalSection
	GlobalSection(ExtensibilityGlobals) = postSolution
		SolutionGuid = {D3B34C80-D3F2-4853-9C2F-131FE4A40E83}
	EndGlobalSection
EndGlobal
